// !$*UTF8*$!
{
	archiveVersion = 1;
	classes = {
	};
	objectVersion = 46;
	objects = {

/* Begin PBXBuildFile section */
		A917DEFF16445A6200026B4A /* audio in Resources */ = {isa = PBXBuildFile; fileRef = A917DEFE16445A6200026B4A /* audio */; };
		A91C75C416DFF9CD0069913F /* Icon-ipad.png in Resources */ = {isa = PBXBuildFile; fileRef = A91C75C016DFF9CD0069913F /* Icon-ipad.png */; };
		A91C75C516DFF9CD0069913F /* Icon-ipad@2x.png in Resources */ = {isa = PBXBuildFile; fileRef = A91C75C116DFF9CD0069913F /* Icon-ipad@2x.png */; };
		A91C75C616DFF9CD0069913F /* Icon.png in Resources */ = {isa = PBXBuildFile; fileRef = A91C75C216DFF9CD0069913F /* Icon.png */; };
		A91C75C716DFF9CD0069913F /* Icon@2x.png in Resources */ = {isa = PBXBuildFile; fileRef = A91C75C316DFF9CD0069913F /* Icon@2x.png */; };
		A92CD36C161FD93A002E6A62 /* UIKit.framework in Frameworks */ = {isa = PBXBuildFile; fileRef = A92CD36B161FD93A002E6A62 /* UIKit.framework */; };
		A92CD36E161FD93A002E6A62 /* Foundation.framework in Frameworks */ = {isa = PBXBuildFile; fileRef = A92CD36D161FD93A002E6A62 /* Foundation.framework */; };
		A92CD370161FD93A002E6A62 /* CoreGraphics.framework in Frameworks */ = {isa = PBXBuildFile; fileRef = A92CD36F161FD93A002E6A62 /* CoreGraphics.framework */; };
		A92CD374161FD93A002E6A62 /* OpenGLES.framework in Frameworks */ = {isa = PBXBuildFile; fileRef = A92CD373161FD93A002E6A62 /* OpenGLES.framework */; };
		A92CD37A161FD93A002E6A62 /* InfoPlist.strings in Resources */ = {isa = PBXBuildFile; fileRef = A92CD378161FD93A002E6A62 /* InfoPlist.strings */; };
		A92CD37C161FD93A002E6A62 /* main.m in Sources */ = {isa = PBXBuildFile; fileRef = A92CD37B161FD93A002E6A62 /* main.m */; };
		A92CD382161FD93A002E6A62 /* Default.png in Resources */ = {isa = PBXBuildFile; fileRef = A92CD381161FD93A002E6A62 /* Default.png */; };
		A92CD384161FD93A002E6A62 /* Default@2x.png in Resources */ = {isa = PBXBuildFile; fileRef = A92CD383161FD93A002E6A62 /* Default@2x.png */; };
		A92CD386161FD93A002E6A62 /* Default-568h@2x.png in Resources */ = {isa = PBXBuildFile; fileRef = A92CD385161FD93A002E6A62 /* Default-568h@2x.png */; };
		A92CD3A5161FD9C4002E6A62 /* glue.cpp in Sources */ = {isa = PBXBuildFile; fileRef = A92CD39D161FD9C4002E6A62 /* glue.cpp */; };
		A92CD3A8161FD9C4002E6A62 /* WebGLRenderingContext.cpp in Sources */ = {isa = PBXBuildFile; fileRef = A92CD3A2161FD9C4002E6A62 /* WebGLRenderingContext.cpp */; };
		A92CD3B11620C56E002E6A62 /* libz.dylib in Frameworks */ = {isa = PBXBuildFile; fileRef = A92CD3B01620C56E002E6A62 /* libz.dylib */; };
		A92CD3B816229C7A002E6A62 /* lodepng.cpp in Sources */ = {isa = PBXBuildFile; fileRef = A92CD3B616229C7A002E6A62 /* lodepng.cpp */; };
		A95C3CD7162339C700386017 /* glue.ios.mm in Sources */ = {isa = PBXBuildFile; fileRef = A95C3CD6162339C700386017 /* glue.ios.mm */; };
		A95C3CE016235B6A00386017 /* images in Resources */ = {isa = PBXBuildFile; fileRef = A95C3CDD16235B6A00386017 /* images */; };
		A95C3CE216235B6A00386017 /* shaders in Resources */ = {isa = PBXBuildFile; fileRef = A95C3CDF16235B6A00386017 /* shaders */; };
		A98B1B03164424FD00E68C95 /* FakeAudio.cpp in Sources */ = {isa = PBXBuildFile; fileRef = A98B1B01164424FD00E68C95 /* FakeAudio.cpp */; };
		A98B1B051644256E00E68C95 /* OpenAL.framework in Frameworks */ = {isa = PBXBuildFile; fileRef = A98B1B041644256E00E68C95 /* OpenAL.framework */; };
		A98B1B0C164436AE00E68C95 /* FakeAudio.ios.mm in Sources */ = {isa = PBXBuildFile; fileRef = A98B1B0B164436AE00E68C95 /* FakeAudio.ios.mm */; };
		A98B1B0E164436FA00E68C95 /* AudioToolbox.framework in Frameworks */ = {isa = PBXBuildFile; fileRef = A98B1B0D164436FA00E68C95 /* AudioToolbox.framework */; };
		A995BB21162DE4BF00C327D1 /* glue.math.ios.cpp in Sources */ = {isa = PBXBuildFile; fileRef = A995BB1F162DE4BF00C327D1 /* glue.math.ios.cpp */; };
		A998255116C17A1C006888B6 /* FakeCanvas.cpp in Sources */ = {isa = PBXBuildFile; fileRef = A998254B16C17A1C006888B6 /* FakeCanvas.cpp */; };
		A998255216C17A1C006888B6 /* FakeImage.cpp in Sources */ = {isa = PBXBuildFile; fileRef = A998254D16C17A1C006888B6 /* FakeImage.cpp */; };
		A998255316C17A1C006888B6 /* XMLHTTPRequest.cpp in Sources */ = {isa = PBXBuildFile; fileRef = A998254F16C17A1C006888B6 /* XMLHTTPRequest.cpp */; };
		A998255716C19651006888B6 /* EAGLView.mm in Sources */ = {isa = PBXBuildFile; fileRef = A998255616C19651006888B6 /* EAGLView.mm */; };
		A998255916C199BD006888B6 /* QuartzCore.framework in Frameworks */ = {isa = PBXBuildFile; fileRef = A998255816C199BD006888B6 /* QuartzCore.framework */; };
		A998255B16C19FD1006888B6 /* MainWindow.xib in Resources */ = {isa = PBXBuildFile; fileRef = A998255A16C19FD1006888B6 /* MainWindow.xib */; };
		A998255D16C1A1C0006888B6 /* AppDelegate.mm in Sources */ = {isa = PBXBuildFile; fileRef = A998255C16C1A1C0006888B6 /* AppDelegate.mm */; };
		A998256016C1B335006888B6 /* ES2Renderer.mm in Sources */ = {isa = PBXBuildFile; fileRef = A998255F16C1B335006888B6 /* ES2Renderer.mm */; };
		A9D095121703565D00A6D60F /* Security.framework in Frameworks */ = {isa = PBXBuildFile; fileRef = A9D095111703565D00A6D60F /* Security.framework */; };
		A9D095141703566B00A6D60F /* libiconv.dylib in Frameworks */ = {isa = PBXBuildFile; fileRef = A9D095131703566B00A6D60F /* libiconv.dylib */; };
		A9D09516170357FF00A6D60F /* scripts in Resources */ = {isa = PBXBuildFile; fileRef = A9D09515170357FF00A6D60F /* scripts */; };
		A9EB655E162F39B200EFEF45 /* fonts in Resources */ = {isa = PBXBuildFile; fileRef = A9EB655D162F39B200EFEF45 /* fonts */; };
		A9FF1F8B1692579E00D2623E /* obj in Resources */ = {isa = PBXBuildFile; fileRef = A9FF1F8A1692579E00D2623E /* obj */; };
/* End PBXBuildFile section */

/* Begin PBXFileReference section */
		A917DEFE16445A6200026B4A /* audio */ = {isa = PBXFileReference; lastKnownFileType = folder; name = audio; path = FakeWebGL/Resources/audio; sourceTree = "<group>"; };
		A91C75C016DFF9CD0069913F /* Icon-ipad.png */ = {isa = PBXFileReference; lastKnownFileType = image.png; path = "Icon-ipad.png"; sourceTree = "<group>"; };
		A91C75C116DFF9CD0069913F /* Icon-ipad@2x.png */ = {isa = PBXFileReference; lastKnownFileType = image.png; path = "Icon-ipad@2x.png"; sourceTree = "<group>"; };
		A91C75C216DFF9CD0069913F /* Icon.png */ = {isa = PBXFileReference; lastKnownFileType = image.png; path = Icon.png; sourceTree = "<group>"; };
		A91C75C316DFF9CD0069913F /* Icon@2x.png */ = {isa = PBXFileReference; lastKnownFileType = image.png; path = "Icon@2x.png"; sourceTree = "<group>"; };
		A92CD367161FD93A002E6A62 /* FakeWebGL.app */ = {isa = PBXFileReference; explicitFileType = wrapper.application; includeInIndex = 0; path = FakeWebGL.app; sourceTree = BUILT_PRODUCTS_DIR; };
		A92CD36B161FD93A002E6A62 /* UIKit.framework */ = {isa = PBXFileReference; lastKnownFileType = wrapper.framework; name = UIKit.framework; path = System/Library/Frameworks/UIKit.framework; sourceTree = SDKROOT; };
		A92CD36D161FD93A002E6A62 /* Foundation.framework */ = {isa = PBXFileReference; lastKnownFileType = wrapper.framework; name = Foundation.framework; path = System/Library/Frameworks/Foundation.framework; sourceTree = SDKROOT; };
		A92CD36F161FD93A002E6A62 /* CoreGraphics.framework */ = {isa = PBXFileReference; lastKnownFileType = wrapper.framework; name = CoreGraphics.framework; path = System/Library/Frameworks/CoreGraphics.framework; sourceTree = SDKROOT; };
		A92CD373161FD93A002E6A62 /* OpenGLES.framework */ = {isa = PBXFileReference; lastKnownFileType = wrapper.framework; name = OpenGLES.framework; path = System/Library/Frameworks/OpenGLES.framework; sourceTree = SDKROOT; };
		A92CD377161FD93A002E6A62 /* FakeWebGL-Info.plist */ = {isa = PBXFileReference; lastKnownFileType = text.plist.xml; path = "FakeWebGL-Info.plist"; sourceTree = "<group>"; };
		A92CD379161FD93A002E6A62 /* en */ = {isa = PBXFileReference; lastKnownFileType = text.plist.strings; name = en; path = en.lproj/InfoPlist.strings; sourceTree = "<group>"; };
		A92CD37B161FD93A002E6A62 /* main.m */ = {isa = PBXFileReference; lastKnownFileType = sourcecode.c.objc; path = main.m; sourceTree = "<group>"; };
		A92CD37D161FD93A002E6A62 /* FakeWebGL-Prefix.pch */ = {isa = PBXFileReference; lastKnownFileType = sourcecode.c.h; path = "FakeWebGL-Prefix.pch"; sourceTree = "<group>"; };
		A92CD37E161FD93A002E6A62 /* AppDelegate.h */ = {isa = PBXFileReference; lastKnownFileType = sourcecode.c.h; path = AppDelegate.h; sourceTree = "<group>"; };
		A92CD381161FD93A002E6A62 /* Default.png */ = {isa = PBXFileReference; lastKnownFileType = image.png; path = Default.png; sourceTree = "<group>"; };
		A92CD383161FD93A002E6A62 /* Default@2x.png */ = {isa = PBXFileReference; lastKnownFileType = image.png; path = "Default@2x.png"; sourceTree = "<group>"; };
		A92CD385161FD93A002E6A62 /* Default-568h@2x.png */ = {isa = PBXFileReference; lastKnownFileType = image.png; path = "Default-568h@2x.png"; sourceTree = "<group>"; };
		A92CD39D161FD9C4002E6A62 /* glue.cpp */ = {isa = PBXFileReference; fileEncoding = 4; lastKnownFileType = sourcecode.cpp.cpp; path = glue.cpp; sourceTree = "<group>"; };
		A92CD39E161FD9C4002E6A62 /* glue.h */ = {isa = PBXFileReference; fileEncoding = 4; lastKnownFileType = sourcecode.c.h; path = glue.h; sourceTree = "<group>"; };
		A92CD3A2161FD9C4002E6A62 /* WebGLRenderingContext.cpp */ = {isa = PBXFileReference; fileEncoding = 4; lastKnownFileType = sourcecode.cpp.cpp; path = WebGLRenderingContext.cpp; sourceTree = "<group>"; };
		A92CD3A3161FD9C4002E6A62 /* WebGLRenderingContext.h */ = {isa = PBXFileReference; fileEncoding = 4; lastKnownFileType = sourcecode.c.h; path = WebGLRenderingContext.h; sourceTree = "<group>"; };
		A92CD3B01620C56E002E6A62 /* libz.dylib */ = {isa = PBXFileReference; lastKnownFileType = "compiled.mach-o.dylib"; name = libz.dylib; path = usr/lib/libz.dylib; sourceTree = SDKROOT; };
		A92CD3B616229C7A002E6A62 /* lodepng.cpp */ = {isa = PBXFileReference; fileEncoding = 4; lastKnownFileType = sourcecode.cpp.cpp; path = lodepng.cpp; sourceTree = "<group>"; };
		A92CD3B716229C7A002E6A62 /* lodepng.h */ = {isa = PBXFileReference; fileEncoding = 4; lastKnownFileType = sourcecode.c.h; path = lodepng.h; sourceTree = "<group>"; };
		A95C3CD6162339C700386017 /* glue.ios.mm */ = {isa = PBXFileReference; fileEncoding = 4; lastKnownFileType = sourcecode.cpp.objcpp; path = glue.ios.mm; sourceTree = "<group>"; };
		A95C3CDD16235B6A00386017 /* images */ = {isa = PBXFileReference; lastKnownFileType = folder; name = images; path = FakeWebGL/Resources/images; sourceTree = "<group>"; };
		A95C3CDF16235B6A00386017 /* shaders */ = {isa = PBXFileReference; lastKnownFileType = folder; name = shaders; path = FakeWebGL/Resources/shaders; sourceTree = "<group>"; };
		A98B1B01164424FD00E68C95 /* FakeAudio.cpp */ = {isa = PBXFileReference; fileEncoding = 4; lastKnownFileType = sourcecode.cpp.cpp; path = FakeAudio.cpp; sourceTree = "<group>"; };
		A98B1B02164424FD00E68C95 /* FakeAudio.h */ = {isa = PBXFileReference; fileEncoding = 4; lastKnownFileType = sourcecode.c.h; path = FakeAudio.h; sourceTree = "<group>"; };
		A98B1B041644256E00E68C95 /* OpenAL.framework */ = {isa = PBXFileReference; lastKnownFileType = wrapper.framework; name = OpenAL.framework; path = System/Library/Frameworks/OpenAL.framework; sourceTree = SDKROOT; };
		A98B1B0B164436AE00E68C95 /* FakeAudio.ios.mm */ = {isa = PBXFileReference; fileEncoding = 4; lastKnownFileType = sourcecode.cpp.objcpp; name = FakeAudio.ios.mm; path = webgl/FakeAudio.ios.mm; sourceTree = "<group>"; };
		A98B1B0D164436FA00E68C95 /* AudioToolbox.framework */ = {isa = PBXFileReference; lastKnownFileType = wrapper.framework; name = AudioToolbox.framework; path = System/Library/Frameworks/AudioToolbox.framework; sourceTree = SDKROOT; };
		A995BB1F162DE4BF00C327D1 /* glue.math.ios.cpp */ = {isa = PBXFileReference; fileEncoding = 4; lastKnownFileType = sourcecode.cpp.cpp; path = glue.math.ios.cpp; sourceTree = "<group>"; };
		A995BB20162DE4BF00C327D1 /* glue.math.ios.h */ = {isa = PBXFileReference; fileEncoding = 4; lastKnownFileType = sourcecode.c.h; path = glue.math.ios.h; sourceTree = "<group>"; };
		A998254B16C17A1C006888B6 /* FakeCanvas.cpp */ = {isa = PBXFileReference; fileEncoding = 4; lastKnownFileType = sourcecode.cpp.cpp; name = FakeCanvas.cpp; path = FakeWebGL/WebGL/FakeCanvas.cpp; sourceTree = SOURCE_ROOT; };
		A998254C16C17A1C006888B6 /* FakeCanvas.h */ = {isa = PBXFileReference; fileEncoding = 4; lastKnownFileType = sourcecode.c.h; name = FakeCanvas.h; path = FakeWebGL/WebGL/FakeCanvas.h; sourceTree = SOURCE_ROOT; };
		A998254D16C17A1C006888B6 /* FakeImage.cpp */ = {isa = PBXFileReference; fileEncoding = 4; lastKnownFileType = sourcecode.cpp.cpp; name = FakeImage.cpp; path = FakeWebGL/WebGL/FakeImage.cpp; sourceTree = SOURCE_ROOT; };
		A998254E16C17A1C006888B6 /* FakeImage.h */ = {isa = PBXFileReference; fileEncoding = 4; lastKnownFileType = sourcecode.c.h; name = FakeImage.h; path = FakeWebGL/WebGL/FakeImage.h; sourceTree = SOURCE_ROOT; };
		A998254F16C17A1C006888B6 /* XMLHTTPRequest.cpp */ = {isa = PBXFileReference; fileEncoding = 4; lastKnownFileType = sourcecode.cpp.cpp; name = XMLHTTPRequest.cpp; path = FakeWebGL/WebGL/XMLHTTPRequest.cpp; sourceTree = SOURCE_ROOT; };
		A998255016C17A1C006888B6 /* XMLHTTPRequest.h */ = {isa = PBXFileReference; fileEncoding = 4; lastKnownFileType = sourcecode.c.h; name = XMLHTTPRequest.h; path = FakeWebGL/WebGL/XMLHTTPRequest.h; sourceTree = SOURCE_ROOT; };
		A998255516C19651006888B6 /* EAGLView.h */ = {isa = PBXFileReference; fileEncoding = 4; lastKnownFileType = sourcecode.c.h; name = EAGLView.h; path = FakeWebGL/WebGL/EAGLView.h; sourceTree = SOURCE_ROOT; };
		A998255616C19651006888B6 /* EAGLView.mm */ = {isa = PBXFileReference; fileEncoding = 4; lastKnownFileType = sourcecode.cpp.objcpp; name = EAGLView.mm; path = FakeWebGL/WebGL/EAGLView.mm; sourceTree = SOURCE_ROOT; };
		A998255816C199BD006888B6 /* QuartzCore.framework */ = {isa = PBXFileReference; lastKnownFileType = wrapper.framework; name = QuartzCore.framework; path = System/Library/Frameworks/QuartzCore.framework; sourceTree = SDKROOT; };
		A998255A16C19FD1006888B6 /* MainWindow.xib */ = {isa = PBXFileReference; fileEncoding = 4; lastKnownFileType = file.xib; path = MainWindow.xib; sourceTree = "<group>"; };
		A998255C16C1A1C0006888B6 /* AppDelegate.mm */ = {isa = PBXFileReference; fileEncoding = 4; lastKnownFileType = sourcecode.cpp.objcpp; path = AppDelegate.mm; sourceTree = "<group>"; };
		A998255E16C1B2BC006888B6 /* ES2Renderer.h */ = {isa = PBXFileReference; fileEncoding = 4; lastKnownFileType = sourcecode.c.h; name = ES2Renderer.h; path = WebGL/ES2Renderer.h; sourceTree = "<group>"; };
		A998255F16C1B335006888B6 /* ES2Renderer.mm */ = {isa = PBXFileReference; fileEncoding = 4; lastKnownFileType = sourcecode.cpp.objcpp; name = ES2Renderer.mm; path = WebGL/ES2Renderer.mm; sourceTree = "<group>"; };
		A9D095111703565D00A6D60F /* Security.framework */ = {isa = PBXFileReference; lastKnownFileType = wrapper.framework; name = Security.framework; path = System/Library/Frameworks/Security.framework; sourceTree = SDKROOT; };
		A9D095131703566B00A6D60F /* libiconv.dylib */ = {isa = PBXFileReference; lastKnownFileType = "compiled.mach-o.dylib"; name = libiconv.dylib; path = usr/lib/libiconv.dylib; sourceTree = SDKROOT; };
		A9D09515170357FF00A6D60F /* scripts */ = {isa = PBXFileReference; lastKnownFileType = folder; name = scripts; path = FakeWebGL/Resources/scripts; sourceTree = "<group>"; };
		A9EB655D162F39B200EFEF45 /* fonts */ = {isa = PBXFileReference; lastKnownFileType = folder; name = fonts; path = FakeWebGL/Resources/fonts; sourceTree = "<group>"; };
		A9FF1F8A1692579E00D2623E /* obj */ = {isa = PBXFileReference; lastKnownFileType = folder; name = obj; path = FakeWebGL/Resources/obj; sourceTree = "<group>"; };
/* End PBXFileReference section */

/* Begin PBXFrameworksBuildPhase section */
		A92CD364161FD93A002E6A62 /* Frameworks */ = {
			isa = PBXFrameworksBuildPhase;
			buildActionMask = 2147483647;
			files = (
				A9D095121703565D00A6D60F /* Security.framework in Frameworks */,
				A998255916C199BD006888B6 /* QuartzCore.framework in Frameworks */,
				A92CD36C161FD93A002E6A62 /* UIKit.framework in Frameworks */,
				A92CD36E161FD93A002E6A62 /* Foundation.framework in Frameworks */,
				A92CD370161FD93A002E6A62 /* CoreGraphics.framework in Frameworks */,
				A92CD374161FD93A002E6A62 /* OpenGLES.framework in Frameworks */,
				A98B1B051644256E00E68C95 /* OpenAL.framework in Frameworks */,
				A98B1B0E164436FA00E68C95 /* AudioToolbox.framework in Frameworks */,
				A9D095141703566B00A6D60F /* libiconv.dylib in Frameworks */,
				A92CD3B11620C56E002E6A62 /* libz.dylib in Frameworks */,
			);
			runOnlyForDeploymentPostprocessing = 0;
		};
/* End PBXFrameworksBuildPhase section */

/* Begin PBXGroup section */
		A92CD35C161FD93A002E6A62 = {
			isa = PBXGroup;
			children = (
				A92CD39B161FD9C4002E6A62 /* FakeWebGL */,
				A92CD375161FD93A002E6A62 /* iOS Source */,
				A95C3CDC16235B5100386017 /* Resources */,
				A92CD36A161FD93A002E6A62 /* Frameworks */,
				A92CD368161FD93A002E6A62 /* Products */,
			);
			sourceTree = "<group>";
		};
		A92CD368161FD93A002E6A62 /* Products */ = {
			isa = PBXGroup;
			children = (
				A92CD367161FD93A002E6A62 /* FakeWebGL.app */,
			);
			name = Products;
			sourceTree = "<group>";
		};
		A92CD36A161FD93A002E6A62 /* Frameworks */ = {
			isa = PBXGroup;
			children = (
				A9D095131703566B00A6D60F /* libiconv.dylib */,
				A92CD3B01620C56E002E6A62 /* libz.dylib */,
				A9D095111703565D00A6D60F /* Security.framework */,
				A92CD36B161FD93A002E6A62 /* UIKit.framework */,
				A92CD36D161FD93A002E6A62 /* Foundation.framework */,
				A92CD36F161FD93A002E6A62 /* CoreGraphics.framework */,
				A92CD373161FD93A002E6A62 /* OpenGLES.framework */,
				A98B1B041644256E00E68C95 /* OpenAL.framework */,
				A998255816C199BD006888B6 /* QuartzCore.framework */,
				A98B1B0D164436FA00E68C95 /* AudioToolbox.framework */,
			);
			name = Frameworks;
			sourceTree = "<group>";
		};
		A92CD375161FD93A002E6A62 /* iOS Source */ = {
			isa = PBXGroup;
			children = (
				A998255E16C1B2BC006888B6 /* ES2Renderer.h */,
				A998255F16C1B335006888B6 /* ES2Renderer.mm */,
				A998255516C19651006888B6 /* EAGLView.h */,
				A998255616C19651006888B6 /* EAGLView.mm */,
				A92CD37E161FD93A002E6A62 /* AppDelegate.h */,
				A998255C16C1A1C0006888B6 /* AppDelegate.mm */,
				A98B1B0B164436AE00E68C95 /* FakeAudio.ios.mm */,
				A998255A16C19FD1006888B6 /* MainWindow.xib */,
				A92CD376161FD93A002E6A62 /* Supporting Files */,
			);
			name = "iOS Source";
			path = FakeWebGL;
			sourceTree = "<group>";
		};
		A92CD376161FD93A002E6A62 /* Supporting Files */ = {
			isa = PBXGroup;
			children = (
				A92CD377161FD93A002E6A62 /* FakeWebGL-Info.plist */,
				A92CD378161FD93A002E6A62 /* InfoPlist.strings */,
				A92CD37B161FD93A002E6A62 /* main.m */,
				A92CD37D161FD93A002E6A62 /* FakeWebGL-Prefix.pch */,
				A92CD381161FD93A002E6A62 /* Default.png */,
				A92CD383161FD93A002E6A62 /* Default@2x.png */,
				A92CD385161FD93A002E6A62 /* Default-568h@2x.png */,
				A91C75C016DFF9CD0069913F /* Icon-ipad.png */,
				A91C75C116DFF9CD0069913F /* Icon-ipad@2x.png */,
				A91C75C216DFF9CD0069913F /* Icon.png */,
				A91C75C316DFF9CD0069913F /* Icon@2x.png */,
			);
			name = "Supporting Files";
			sourceTree = "<group>";
		};
		A92CD39B161FD9C4002E6A62 /* FakeWebGL */ = {
			isa = PBXGroup;
			children = (
				A998254B16C17A1C006888B6 /* FakeCanvas.cpp */,
				A998254C16C17A1C006888B6 /* FakeCanvas.h */,
				A998254D16C17A1C006888B6 /* FakeImage.cpp */,
				A998254E16C17A1C006888B6 /* FakeImage.h */,
				A998254F16C17A1C006888B6 /* XMLHTTPRequest.cpp */,
				A998255016C17A1C006888B6 /* XMLHTTPRequest.h */,
				A995BB1F162DE4BF00C327D1 /* glue.math.ios.cpp */,
				A995BB20162DE4BF00C327D1 /* glue.math.ios.h */,
				A95C3CD6162339C700386017 /* glue.ios.mm */,
				A92CD39D161FD9C4002E6A62 /* glue.cpp */,
				A92CD39E161FD9C4002E6A62 /* glue.h */,
				A92CD3B616229C7A002E6A62 /* lodepng.cpp */,
				A92CD3B716229C7A002E6A62 /* lodepng.h */,
				A92CD3A2161FD9C4002E6A62 /* WebGLRenderingContext.cpp */,
				A92CD3A3161FD9C4002E6A62 /* WebGLRenderingContext.h */,
				A98B1B01164424FD00E68C95 /* FakeAudio.cpp */,
				A98B1B02164424FD00E68C95 /* FakeAudio.h */,
			);
			name = FakeWebGL;
			path = FakeWebGL/webgl;
			sourceTree = "<group>";
		};
		A95C3CDC16235B5100386017 /* Resources */ = {
			isa = PBXGroup;
			children = (
				A9D09515170357FF00A6D60F /* scripts */,
				A917DEFE16445A6200026B4A /* audio */,
				A9EB655D162F39B200EFEF45 /* fonts */,
				A95C3CDD16235B6A00386017 /* images */,
				A9FF1F8A1692579E00D2623E /* obj */,
				A95C3CDF16235B6A00386017 /* shaders */,
			);
			name = Resources;
			sourceTree = "<group>";
		};
/* End PBXGroup section */

/* Begin PBXNativeTarget section */
		A92CD366161FD93A002E6A62 /* FakeWebGL */ = {
			isa = PBXNativeTarget;
			buildConfigurationList = A92CD396161FD93A002E6A62 /* Build configuration list for PBXNativeTarget "FakeWebGL" */;
			buildPhases = (
				A92CD363161FD93A002E6A62 /* Sources */,
				A92CD364161FD93A002E6A62 /* Frameworks */,
				A92CD365161FD93A002E6A62 /* Resources */,
			);
			buildRules = (
			);
			dependencies = (
			);
			name = FakeWebGL;
			productName = FakeWebGL;
			productReference = A92CD367161FD93A002E6A62 /* FakeWebGL.app */;
			productType = "com.apple.product-type.application";
		};
/* End PBXNativeTarget section */

/* Begin PBXProject section */
		A92CD35E161FD93A002E6A62 /* Project object */ = {
			isa = PBXProject;
			attributes = {
				LastUpgradeCheck = 0450;
				ORGANIZATIONNAME = "Rolando Abarca";
			};
			buildConfigurationList = A92CD361161FD93A002E6A62 /* Build configuration list for PBXProject "FakeWebGL" */;
			compatibilityVersion = "Xcode 3.2";
			developmentRegion = English;
			hasScannedForEncodings = 0;
			knownRegions = (
				en,
			);
			mainGroup = A92CD35C161FD93A002E6A62;
			productRefGroup = A92CD368161FD93A002E6A62 /* Products */;
			projectDirPath = "";
			projectRoot = "";
			targets = (
				A92CD366161FD93A002E6A62 /* FakeWebGL */,
			);
		};
/* End PBXProject section */

/* Begin PBXResourcesBuildPhase section */
		A92CD365161FD93A002E6A62 /* Resources */ = {
			isa = PBXResourcesBuildPhase;
			buildActionMask = 2147483647;
			files = (
				A92CD37A161FD93A002E6A62 /* InfoPlist.strings in Resources */,
				A92CD382161FD93A002E6A62 /* Default.png in Resources */,
				A92CD384161FD93A002E6A62 /* Default@2x.png in Resources */,
				A92CD386161FD93A002E6A62 /* Default-568h@2x.png in Resources */,
				A95C3CE016235B6A00386017 /* images in Resources */,
				A95C3CE216235B6A00386017 /* shaders in Resources */,
				A9EB655E162F39B200EFEF45 /* fonts in Resources */,
				A917DEFF16445A6200026B4A /* audio in Resources */,
				A9FF1F8B1692579E00D2623E /* obj in Resources */,
				A998255B16C19FD1006888B6 /* MainWindow.xib in Resources */,
				A91C75C416DFF9CD0069913F /* Icon-ipad.png in Resources */,
				A91C75C516DFF9CD0069913F /* Icon-ipad@2x.png in Resources */,
				A91C75C616DFF9CD0069913F /* Icon.png in Resources */,
				A91C75C716DFF9CD0069913F /* Icon@2x.png in Resources */,
				A9D09516170357FF00A6D60F /* scripts in Resources */,
			);
			runOnlyForDeploymentPostprocessing = 0;
		};
/* End PBXResourcesBuildPhase section */

/* Begin PBXSourcesBuildPhase section */
		A92CD363161FD93A002E6A62 /* Sources */ = {
			isa = PBXSourcesBuildPhase;
			buildActionMask = 2147483647;
			files = (
				A92CD3B816229C7A002E6A62 /* lodepng.cpp in Sources */,
				A92CD37C161FD93A002E6A62 /* main.m in Sources */,
				A92CD3A5161FD9C4002E6A62 /* glue.cpp in Sources */,
				A92CD3A8161FD9C4002E6A62 /* WebGLRenderingContext.cpp in Sources */,
				A95C3CD7162339C700386017 /* glue.ios.mm in Sources */,
				A995BB21162DE4BF00C327D1 /* glue.math.ios.cpp in Sources */,
				A98B1B03164424FD00E68C95 /* FakeAudio.cpp in Sources */,
				A98B1B0C164436AE00E68C95 /* FakeAudio.ios.mm in Sources */,
				A998255116C17A1C006888B6 /* FakeCanvas.cpp in Sources */,
				A998255216C17A1C006888B6 /* FakeImage.cpp in Sources */,
				A998255316C17A1C006888B6 /* XMLHTTPRequest.cpp in Sources */,
				A998255716C19651006888B6 /* EAGLView.mm in Sources */,
				A998255D16C1A1C0006888B6 /* AppDelegate.mm in Sources */,
				A998256016C1B335006888B6 /* ES2Renderer.mm in Sources */,
			);
			runOnlyForDeploymentPostprocessing = 0;
		};
/* End PBXSourcesBuildPhase section */

/* Begin PBXVariantGroup section */
		A92CD378161FD93A002E6A62 /* InfoPlist.strings */ = {
			isa = PBXVariantGroup;
			children = (
				A92CD379161FD93A002E6A62 /* en */,
			);
			name = InfoPlist.strings;
			sourceTree = "<group>";
		};
/* End PBXVariantGroup section */

/* Begin XCBuildConfiguration section */
		A92CD394161FD93A002E6A62 /* Debug */ = {
			isa = XCBuildConfiguration;
			buildSettings = {
				ALWAYS_SEARCH_USER_PATHS = NO;
				CLANG_CXX_LANGUAGE_STANDARD = "gnu++0x";
				CLANG_CXX_LIBRARY = "libc++";
				CLANG_ENABLE_OBJC_ARC = YES;
				CLANG_WARN_EMPTY_BODY = YES;
				CLANG_WARN__DUPLICATE_METHOD_MATCH = YES;
				"CODE_SIGN_IDENTITY[sdk=iphoneos*]" = "iPhone Developer";
				COMPRESS_PNG_FILES = NO;
				COPY_PHASE_STRIP = NO;
				GCC_C_LANGUAGE_STANDARD = gnu99;
				GCC_DYNAMIC_NO_PIC = NO;
				GCC_OPTIMIZATION_LEVEL = 0;
				GCC_PREPROCESSOR_DEFINITIONS = (
					"DEBUG=1",
					"$(inherited)",
				);
				GCC_SYMBOLS_PRIVATE_EXTERN = NO;
				GCC_WARN_ABOUT_RETURN_TYPE = YES;
				GCC_WARN_UNINITIALIZED_AUTOS = YES;
				GCC_WARN_UNUSED_VARIABLE = YES;
				HEADER_SEARCH_PATHS = (
					"\"$(SRCROOT)/spidermonkey/ios/include\"",
					"\"$(SRCROOT)/libcurl/ios/include\"",
				);
				IPHONEOS_DEPLOYMENT_TARGET = 5.0;
				LIBRARY_SEARCH_PATHS = (
					"\"$(SRCROOT)/spidermonkey/ios/lib\"",
					"\"$(SRCROOT)/libcurl/ios/lib\"",
				);
				OTHER_CPLUSPLUSFLAGS = (
					"$(OTHER_CFLAGS)",
					"-Wno-return-type-c-linkage",
					"-Wno-invalid-offsetof",
					"-DLODEPNG_NO_COMPILE_ENCODER",
				);
				OTHER_LDFLAGS = (
					"-ljs_static",
					"-lcurl",
				);
				SDKROOT = iphoneos;
				TARGETED_DEVICE_FAMILY = "1,2";
			};
			name = Debug;
		};
		A92CD395161FD93A002E6A62 /* Release */ = {
			isa = XCBuildConfiguration;
			buildSettings = {
				ALWAYS_SEARCH_USER_PATHS = NO;
				CLANG_CXX_LANGUAGE_STANDARD = "gnu++0x";
				CLANG_CXX_LIBRARY = "libc++";
				CLANG_ENABLE_OBJC_ARC = YES;
				CLANG_WARN_EMPTY_BODY = YES;
				CLANG_WARN__DUPLICATE_METHOD_MATCH = YES;
				"CODE_SIGN_IDENTITY[sdk=iphoneos*]" = "iPhone Developer";
				COMPRESS_PNG_FILES = NO;
				COPY_PHASE_STRIP = YES;
				GCC_C_LANGUAGE_STANDARD = gnu99;
				GCC_PREPROCESSOR_DEFINITIONS = "";
				GCC_WARN_ABOUT_RETURN_TYPE = YES;
				GCC_WARN_UNINITIALIZED_AUTOS = YES;
				GCC_WARN_UNUSED_VARIABLE = YES;
				HEADER_SEARCH_PATHS = (
					"\"$(SRCROOT)/spidermonkey/ios/include\"",
					"\"$(SRCROOT)/libcurl/ios/include\"",
				);
				IPHONEOS_DEPLOYMENT_TARGET = 5.0;
				LIBRARY_SEARCH_PATHS = (
					"\"$(SRCROOT)/spidermonkey/ios/lib\"",
					"\"$(SRCROOT)/libcurl/ios/lib\"",
				);
				OTHER_CFLAGS = "-DNS_BLOCK_ASSERTIONS=1";
				OTHER_CPLUSPLUSFLAGS = (
					"$(OTHER_CFLAGS)",
					"-Wno-return-type-c-linkage",
					"-Wno-invalid-offsetof",
					"-DLODEPNG_NO_COMPILE_ENCODER",
				);
				OTHER_LDFLAGS = (
					"-ljs_static",
					"-lcurl",
				);
				SDKROOT = iphoneos;
				TARGETED_DEVICE_FAMILY = "1,2";
				VALIDATE_PRODUCT = YES;
			};
			name = Release;
		};
		A92CD397161FD93A002E6A62 /* Debug */ = {
			isa = XCBuildConfiguration;
			buildSettings = {
				GCC_PRECOMPILE_PREFIX_HEADER = YES;
				GCC_PREFIX_HEADER = "FakeWebGL/FakeWebGL-Prefix.pch";
				INFOPLIST_FILE = "FakeWebGL/FakeWebGL-Info.plist";
				LIBRARY_SEARCH_PATHS = (
					"$(inherited)",
					"\"$(SRCROOT)/spidermonkey/ios/lib\"",
				);
				PRODUCT_NAME = FakeWebGL;
				WRAPPER_EXTENSION = app;
			};
			name = Debug;
		};
		A92CD398161FD93A002E6A62 /* Release */ = {
			isa = XCBuildConfiguration;
			buildSettings = {
				GCC_PRECOMPILE_PREFIX_HEADER = YES;
				GCC_PREFIX_HEADER = "FakeWebGL/FakeWebGL-Prefix.pch";
				INFOPLIST_FILE = "FakeWebGL/FakeWebGL-Info.plist";
				LIBRARY_SEARCH_PATHS = (
					"$(inherited)",
					"\"$(SRCROOT)/spidermonkey/ios/lib\"",
				);
				PRODUCT_NAME = FakeWebGL;
				WRAPPER_EXTENSION = app;
			};
			name = Release;
		};
/* End XCBuildConfiguration section */

/* Begin XCConfigurationList section */
		A92CD361161FD93A002E6A62 /* Build configuration list for PBXProject "FakeWebGL" */ = {
			isa = XCConfigurationList;
			buildConfigurations = (
				A92CD394161FD93A002E6A62 /* Debug */,
				A92CD395161FD93A002E6A62 /* Release */,
			);
			defaultConfigurationIsVisible = 0;
			defaultConfigurationName = Release;
		};
		A92CD396161FD93A002E6A62 /* Build configuration list for PBXNativeTarget "FakeWebGL" */ = {
			isa = XCConfigurationList;
			buildConfigurations = (
				A92CD397161FD93A002E6A62 /* Debug */,
				A92CD398161FD93A002E6A62 /* Release */,
			);
			defaultConfigurationIsVisible = 0;
			defaultConfigurationName = Release;
		};
/* End XCConfigurationList section */
	};
	rootObject = A92CD35E161FD93A002E6A62 /* Project object */;
}
